PackratFormat: 1.4
PackratVersion: 0.4.8.1
RVersion: 3.4.3
Repos: CRAN=https://cran.rstudio.com/,
    CRANextra=http://www.stats.ox.ac.uk/pub/RWin

Package: DEoptimR
Source: CRAN
Version: 1.0-8
Hash: adc74e88e85eabe6c7d73db6a86fe6cf

Package: MatrixModels
Source: CRAN
Version: 0.4-1
Hash: 60a5c75e57aae4a0ce76cb7422939aaf

Package: Rcpp
Source: CRAN
Version: 0.12.14
Hash: f9a2a481350397e53b0768bf488329cd

Package: RcppEigen
Source: CRAN
Version: 0.3.3.3.1
Hash: 583bdf1dc4a9dc51c13c446246bd0a89
Requires: Rcpp

Package: SparseM
Source: CRAN
Version: 1.77
Hash: 08f1f60e1038957030bcd9f4a58d22d8

Package: backports
Source: CRAN
Version: 1.1.2
Hash: 5ae7b3466e529e4400951ca18c137e40

Package: base64enc
Source: CRAN
Version: 0.1-3
Hash: c590d29e555926af053055e23ee79efb

Package: bitops
Source: CRAN
Version: 1.0-6
Hash: 67d0775189fd0041d95abca618c5c07e

Package: caTools
Source: CRAN
Version: 1.17.1
Hash: 97cb6f6293cd18d17df77a6383cc6763
Requires: bitops

Package: car
Source: CRAN
Version: 2.1-6
Hash: 43c23d68bf56137724b83c7659fde443
Requires: pbkrtest, quantreg

Package: digest
Source: CRAN
Version: 0.6.13
Hash: cfce0bc7ed5ba0cdc47182698fae1d24

Package: evaluate
Source: CRAN
Version: 0.10.1
Hash: 54d95f4ec6d0300100413ed0127d89ae
Requires: stringr

Package: highr
Source: CRAN
Version: 0.6
Hash: aa3d5b7912b5fed4b546ed5cd2a1760b

Package: htmltools
Source: CRAN
Version: 0.3.6
Hash: 10db2fe4e1ac6057e5555db165a0d870
Requires: Rcpp, digest

Package: insuranceData
Source: CRAN
Version: 1.0
Hash: 6d82df5844432979bd7750dd13a7f71c

Package: jsonlite
Source: CRAN
Version: 1.5
Hash: 9c51936d8dd00b2f1d4fe9d10499694c

Package: knitr
Source: CRAN
Version: 1.18
Hash: 5be8a90c6aac24e7e0a4f18b829cc6e2
Requires: digest, evaluate, highr, markdown, stringr, yaml

Package: lme4
Source: CRAN
Version: 1.1-15
Hash: a1a457ca93395c5525cfcc9d14ea7249
Requires: Rcpp, RcppEigen, minqa, nloptr

Package: magrittr
Source: CRAN
Version: 1.5
Hash: bdc4d48c3135e8f3b399536ddf160df4

Package: markdown
Source: CRAN
Version: 0.8
Hash: 045d7c594d503b41f1c28946d076c8aa
Requires: mime

Package: mime
Source: CRAN
Version: 0.5
Hash: 463550cf44fb6f0a2359368f42eebe62

Package: minqa
Source: CRAN
Version: 1.2.4
Hash: 860f36fcff3e5bc62ecc97dab1a21d5f
Requires: Rcpp

Package: nloptr
Source: CRAN
Version: 1.0.4
Hash: 8053df240a4635aeb54fc68c6de67709

Package: packrat
Source: CRAN
Version: 0.4.8-1
Hash: 6ad605ba7b4b476d84be6632393f5765

Package: pbkrtest
Source: CRAN
Version: 0.4-7
Hash: f195c3a0f527f69c491569c5cbaaf1db
Requires: lme4

Package: quantreg
Source: CRAN
Version: 5.34
Hash: 066533d583980031b8ce01a437db315e
Requires: MatrixModels, SparseM

Package: rmarkdown
Source: CRAN
Version: 1.8
Hash: 2a7842e3cee62a79dd737d17e9e9d86b
Requires: base64enc, evaluate, htmltools, jsonlite, knitr, mime,
    rprojroot, stringr, yaml

Package: robustbase
Source: CRAN
Version: 0.92-8
Hash: 47f671cf700fbaa2015bb61701e6f7f4
Requires: DEoptimR

Package: rprojroot
Source: CRAN
Version: 1.3-2
Hash: a25c3f70c166fb3fbabc410eb32b6366
Requires: backports

Package: stringi
Source: CRAN
Version: 1.1.6
Hash: 4430faf2bcbe1b8de0d9be55bcfdcc0b

Package: stringr
Source: CRAN
Version: 1.2.0
Hash: 25a86d7f410513ebb7c0bc6a5e16bdc3
Requires: magrittr, stringi

Package: yaml
Source: CRAN
Version: 2.1.16
Hash: 784ea5d8302d4a81f166a32a33c10711
